schema: '2.0'
stages:
  prepare:
    cmd: python src/prepare.py data/data.xml
    deps:
    - path: data/data.xml
      md5: 5193c4f0e82207a00e6596f679cbdb74
      size: 75783700
    - path: src/prepare.py
      md5: 51549a1c87b182ebdd785704f56ffaf1
      size: 1581
    params:
      params.yaml:
        prepare.seed: 20170428
        prepare.split: 0.2
    outs:
    - path: data/prepared
      md5: ecb3e4644128e3b3cf72e139ba2365c1.dir
      size: 47722638
      nfiles: 2
  featurize:
    cmd: python src/featurization.py data/prepared data/features
    deps:
    - path: data/prepared
      md5: ecb3e4644128e3b3cf72e139ba2365c1.dir
      size: 47722638
      nfiles: 2
    - path: src/featurization.py
      md5: 61c592707fd1b33e27819c87cf93f80a
      size: 2391
    params:
      params.yaml:
        featurize.max_features: 3000
        featurize.ngrams: 5
    outs:
    - path: data/features
      md5: bdd53b42765aa6238f534192c8a6f1d0.dir
      size: 27511563
      nfiles: 2
  train:
    cmd: python src/train.py data/features model.pkl
    deps:
    - path: data/features
      md5: bdd53b42765aa6238f534192c8a6f1d0.dir
      size: 27511563
      nfiles: 2
    - path: src/train.py
      md5: 9ab95496b29b6ea3418bbf20b9fe3473
      size: 964
    params:
      params.yaml:
        train.min_split: 2
        train.n_est: 50
        train.seed: 20170428
    outs:
    - path: model.pkl
      md5: ac1942b066eb9b9f75f3f4ef1a11cd18
      size: 4242676
  evaluate:
    cmd: python src/evaluate.py model.pkl data/features scores.json prc.json roc.json
    deps:
    - path: data/features
      md5: bdd53b42765aa6238f534192c8a6f1d0.dir
      size: 27511563
      nfiles: 2
    - path: model.pkl
      md5: ac1942b066eb9b9f75f3f4ef1a11cd18
      size: 4242676
    - path: src/evaluate.py
      md5: fb7b5209c9237ea6cf63550e5fe9b817
      size: 1943
    outs:
    - path: prc.json
      md5: f9385cc5b0035572fe7403540510f7e3
      size: 5351
    - path: roc.json
      md5: 0bb561a162e3caeeae9647ab5a1be46e
      size: 3995
    - path: scores.json
      md5: 9fa0857597b95cba95243dd4f1267bc1
      size: 73
